
Microsoft Visual Studio Solution File, Format Version 12.00
# Visual Studio Version 17
VisualStudioVersion = 17.5.33516.290
MinimumVisualStudioVersion = 10.0.40219.1
Project("{FAE04EC0-301F-11D3-BF4B-00C04F79EFBC}") = "Homework_number_57", "Homework_number_57\Homework_number_57.csproj", "{DE8D9BBE-1769-4699-A05C-5E31D38D2170}"
EndProject
Global
	GlobalSection(SolutionConfigurationPlatforms) = preSolution
		Debug|Any CPU = Debug|Any CPU
		Release|Any CPU = Release|Any CPU
	EndGlobalSection
	GlobalSection(ProjectConfigurationPlatforms) = postSolution
		{DE8D9BBE-1769-4699-A05C-5E31D38D2170}.Debug|Any CPU.ActiveCfg = Debug|Any CPU
		{DE8D9BBE-1769-4699-A05C-5E31D38D2170}.Debug|Any CPU.Build.0 = Debug|Any CPU
		{DE8D9BBE-1769-4699-A05C-5E31D38D2170}.Release|Any CPU.ActiveCfg = Release|Any CPU
		{DE8D9BBE-1769-4699-A05C-5E31D38D2170}.Release|Any CPU.Build.0 = Release|Any CPU
	EndGlobalSection
	GlobalSection(SolutionProperties) = preSolution
		HideSolutionNode = FALSE
	EndGlobalSection
	GlobalSection(ExtensibilityGlobals) = postSolution
		SolutionGuid = {CF61F302-4A79-42CD-A2AE-12BDA65E3236}
	EndGlobalSection
EndGlobal
